
Microsoft Visual Studio Solution File, Format Version 12.00
# Visual Studio Version 17
VisualStudioVersion = 17.5.33424.131
MinimumVisualStudioVersion = 10.0.40219.1
Project("{FAE04EC0-301F-11D3-BF4B-00C04F79EFBC}") = "WS-ColineSoft.WebAPI", "WS-ColineSoft.WebAPI\WS-ColineSoft.WebAPI.csproj", "{2303A849-F5EF-4980-A5C1-902FF5D5780A}"
	ProjectSection(ProjectDependencies) = postProject
		{7D5DB521-8781-4071-B658-701C0E49C7A6} = {7D5DB521-8781-4071-B658-701C0E49C7A6}
	EndProjectSection
EndProject
Project("{2150E333-8FDC-42A3-9474-1A3956D46DE8}") = "src", "src", "{6D578706-AD5F-4318-9CBD-5C31FE193758}"
EndProject
Project("{2150E333-8FDC-42A3-9474-1A3956D46DE8}") = "1-Presentation", "1-Presentation", "{2F4E3071-91A9-435C-8096-6C1E08BAEB72}"
EndProject
Project("{2150E333-8FDC-42A3-9474-1A3956D46DE8}") = "2-Services", "2-Services", "{5A977054-F355-431A-9245-5CFE4CD06BB9}"
EndProject
Project("{2150E333-8FDC-42A3-9474-1A3956D46DE8}") = "3-Domain", "3-Domain", "{8A3596E8-BBAA-48DE-98A3-28AF0A455A87}"
EndProject
Project("{2150E333-8FDC-42A3-9474-1A3956D46DE8}") = "4-Infra", "4-Infra", "{B7584D72-AD8E-43A8-A10F-4AA251F4B8D1}"
EndProject
Project("{FAE04EC0-301F-11D3-BF4B-00C04F79EFBC}") = "WS-ColineSoft.DAL", "WS-ColineSoft.DAL\WS-ColineSoft.DAL.csproj", "{7D5DB521-8781-4071-B658-701C0E49C7A6}"
	ProjectSection(ProjectDependencies) = postProject
		{33AA08D4-1BF3-461B-ACB5-D2EE70D4D51C} = {33AA08D4-1BF3-461B-ACB5-D2EE70D4D51C}
	EndProjectSection
EndProject
Project("{FAE04EC0-301F-11D3-BF4B-00C04F79EFBC}") = "WS-ColineSoft.Domain", "WS-ColineSoft.Domain\WS-ColineSoft.Domain.csproj", "{33AA08D4-1BF3-461B-ACB5-D2EE70D4D51C}"
EndProject
Project("{FAE04EC0-301F-11D3-BF4B-00C04F79EFBC}") = "WS-ColineSoft.Services", "WS-ColineSoft.Services\WS-ColineSoft.Services.csproj", "{598E7895-AFDC-4B93-BB19-786AE07E7C32}"
EndProject
Global
	GlobalSection(SolutionConfigurationPlatforms) = preSolution
		Debug|Any CPU = Debug|Any CPU
		Release|Any CPU = Release|Any CPU
	EndGlobalSection
	GlobalSection(ProjectConfigurationPlatforms) = postSolution
		{2303A849-F5EF-4980-A5C1-902FF5D5780A}.Debug|Any CPU.ActiveCfg = Debug|Any CPU
		{2303A849-F5EF-4980-A5C1-902FF5D5780A}.Debug|Any CPU.Build.0 = Debug|Any CPU
		{2303A849-F5EF-4980-A5C1-902FF5D5780A}.Release|Any CPU.ActiveCfg = Release|Any CPU
		{2303A849-F5EF-4980-A5C1-902FF5D5780A}.Release|Any CPU.Build.0 = Release|Any CPU
		{7D5DB521-8781-4071-B658-701C0E49C7A6}.Debug|Any CPU.ActiveCfg = Debug|Any CPU
		{7D5DB521-8781-4071-B658-701C0E49C7A6}.Debug|Any CPU.Build.0 = Debug|Any CPU
		{7D5DB521-8781-4071-B658-701C0E49C7A6}.Release|Any CPU.ActiveCfg = Release|Any CPU
		{7D5DB521-8781-4071-B658-701C0E49C7A6}.Release|Any CPU.Build.0 = Release|Any CPU
		{33AA08D4-1BF3-461B-ACB5-D2EE70D4D51C}.Debug|Any CPU.ActiveCfg = Debug|Any CPU
		{33AA08D4-1BF3-461B-ACB5-D2EE70D4D51C}.Debug|Any CPU.Build.0 = Debug|Any CPU
		{33AA08D4-1BF3-461B-ACB5-D2EE70D4D51C}.Release|Any CPU.ActiveCfg = Release|Any CPU
		{33AA08D4-1BF3-461B-ACB5-D2EE70D4D51C}.Release|Any CPU.Build.0 = Release|Any CPU
		{598E7895-AFDC-4B93-BB19-786AE07E7C32}.Debug|Any CPU.ActiveCfg = Debug|Any CPU
		{598E7895-AFDC-4B93-BB19-786AE07E7C32}.Debug|Any CPU.Build.0 = Debug|Any CPU
		{598E7895-AFDC-4B93-BB19-786AE07E7C32}.Release|Any CPU.ActiveCfg = Release|Any CPU
		{598E7895-AFDC-4B93-BB19-786AE07E7C32}.Release|Any CPU.Build.0 = Release|Any CPU
	EndGlobalSection
	GlobalSection(SolutionProperties) = preSolution
		HideSolutionNode = FALSE
	EndGlobalSection
	GlobalSection(NestedProjects) = preSolution
		{2303A849-F5EF-4980-A5C1-902FF5D5780A} = {2F4E3071-91A9-435C-8096-6C1E08BAEB72}
		{2F4E3071-91A9-435C-8096-6C1E08BAEB72} = {6D578706-AD5F-4318-9CBD-5C31FE193758}
		{5A977054-F355-431A-9245-5CFE4CD06BB9} = {6D578706-AD5F-4318-9CBD-5C31FE193758}
		{8A3596E8-BBAA-48DE-98A3-28AF0A455A87} = {6D578706-AD5F-4318-9CBD-5C31FE193758}
		{B7584D72-AD8E-43A8-A10F-4AA251F4B8D1} = {6D578706-AD5F-4318-9CBD-5C31FE193758}
		{7D5DB521-8781-4071-B658-701C0E49C7A6} = {B7584D72-AD8E-43A8-A10F-4AA251F4B8D1}
		{33AA08D4-1BF3-461B-ACB5-D2EE70D4D51C} = {8A3596E8-BBAA-48DE-98A3-28AF0A455A87}
		{598E7895-AFDC-4B93-BB19-786AE07E7C32} = {5A977054-F355-431A-9245-5CFE4CD06BB9}
	EndGlobalSection
	GlobalSection(ExtensibilityGlobals) = postSolution
		SolutionGuid = {9C349CAA-0A96-4790-B3CC-2DAD8D388E26}
	EndGlobalSection
EndGlobal
